// !$*UTF8*$!
{
	archiveVersion = 1;
	classes = {
	};
	objectVersion = 50;
	objects = {

/* Begin PBXBuildFile section */
		FF9B026522C6FF96008EB76B /* AppDelegate.swift in Sources */ = {isa = PBXBuildFile; fileRef = FF9B026422C6FF96008EB76B /* AppDelegate.swift */; };
		FF9B026722C6FF96008EB76B /* ViewController.swift in Sources */ = {isa = PBXBuildFile; fileRef = FF9B026622C6FF96008EB76B /* ViewController.swift */; };
		FF9B026A22C6FF96008EB76B /* Main.storyboard in Resources */ = {isa = PBXBuildFile; fileRef = FF9B026822C6FF96008EB76B /* Main.storyboard */; };
		FF9B026C22C6FF98008EB76B /* Assets.xcassets in Resources */ = {isa = PBXBuildFile; fileRef = FF9B026B22C6FF98008EB76B /* Assets.xcassets */; };
		FF9B026F22C6FF98008EB76B /* LaunchScreen.storyboard in Resources */ = {isa = PBXBuildFile; fileRef = FF9B026D22C6FF98008EB76B /* LaunchScreen.storyboard */; };
		FF9B027722C70637008EB76B /* InputAccessoryView.swift in Sources */ = {isa = PBXBuildFile; fileRef = FF9B027622C70637008EB76B /* InputAccessoryView.swift */; };
		FF9B027922C7064D008EB76B /* InputAccessoryView.xib in Resources */ = {isa = PBXBuildFile; fileRef = FF9B027822C7064D008EB76B /* InputAccessoryView.xib */; };
/* End PBXBuildFile section */

/* Begin PBXFileReference section */
		FF9B026122C6FF96008EB76B /* InputAccessory.app */ = {isa = PBXFileReference; explicitFileType = wrapper.application; includeInIndex = 0; path = InputAccessory.app; sourceTree = BUILT_PRODUCTS_DIR; };
		FF9B026422C6FF96008EB76B /* AppDelegate.swift */ = {isa = PBXFileReference; lastKnownFileType = sourcecode.swift; path = AppDelegate.swift; sourceTree = "<group>"; };
		FF9B026622C6FF96008EB76B /* ViewController.swift */ = {isa = PBXFileReference; lastKnownFileType = sourcecode.swift; path = ViewController.swift; sourceTree = "<group>"; };
		FF9B026922C6FF96008EB76B /* Base */ = {isa = PBXFileReference; lastKnownFileType = file.storyboard; name = Base; path = Base.lproj/Main.storyboard; sourceTree = "<group>"; };
		FF9B026B22C6FF98008EB76B /* Assets.xcassets */ = {isa = PBXFileReference; lastKnownFileType = folder.assetcatalog; path = Assets.xcassets; sourceTree = "<group>"; };
		FF9B026E22C6FF98008EB76B /* Base */ = {isa = PBXFileReference; lastKnownFileType = file.storyboard; name = Base; path = Base.lproj/LaunchScreen.storyboard; sourceTree = "<group>"; };
		FF9B027022C6FF98008EB76B /* Info.plist */ = {isa = PBXFileReference; lastKnownFileType = text.plist.xml; path = Info.plist; sourceTree = "<group>"; };
		FF9B027622C70637008EB76B /* InputAccessoryView.swift */ = {isa = PBXFileReference; lastKnownFileType = sourcecode.swift; path = InputAccessoryView.swift; sourceTree = "<group>"; };
		FF9B027822C7064D008EB76B /* InputAccessoryView.xib */ = {isa = PBXFileReference; lastKnownFileType = file.xib; path = InputAccessoryView.xib; sourceTree = "<group>"; };
/* End PBXFileReference section */

/* Begin PBXFrameworksBuildPhase section */
		FF9B025E22C6FF96008EB76B /* Frameworks */ = {
			isa = PBXFrameworksBuildPhase;
			buildActionMask = 2147483647;
			files = (
			);
			runOnlyForDeploymentPostprocessing = 0;
		};
/* End PBXFrameworksBuildPhase section */

/* Begin PBXGroup section */
		FF9B025822C6FF96008EB76B = {
			isa = PBXGroup;
			children = (
				FF9B026322C6FF96008EB76B /* InputAccessory */,
				FF9B026222C6FF96008EB76B /* Products */,
			);
			sourceTree = "<group>";
		};
		FF9B026222C6FF96008EB76B /* Products */ = {
			isa = PBXGroup;
			children = (
				FF9B026122C6FF96008EB76B /* InputAccessory.app */,
			);
			name = Products;
			sourceTree = "<group>";
		};
		FF9B026322C6FF96008EB76B /* InputAccessory */ = {
			isa = PBXGroup;
			children = (
				FF9B026422C6FF96008EB76B /* AppDelegate.swift */,
				FF9B026622C6FF96008EB76B /* ViewController.swift */,
				FF9B027622C70637008EB76B /* InputAccessoryView.swift */,
				FF9B027822C7064D008EB76B /* InputAccessoryView.xib */,
				FF9B026822C6FF96008EB76B /* Main.storyboard */,
				FF9B026B22C6FF98008EB76B /* Assets.xcassets */,
				FF9B026D22C6FF98008EB76B /* LaunchScreen.storyboard */,
				FF9B027022C6FF98008EB76B /* Info.plist */,
			);
			path = InputAccessory;
			sourceTree = "<group>";
		};
/* End PBXGroup section */

/* Begin PBXNativeTarget section */
		FF9B026022C6FF96008EB76B /* InputAccessory */ = {
			isa = PBXNativeTarget;
			buildConfigurationList = FF9B027322C6FF98008EB76B /* Build configuration list for PBXNativeTarget "InputAccessory" */;
			buildPhases = (
				FF9B025D22C6FF96008EB76B /* Sources */,
				FF9B025E22C6FF96008EB76B /* Frameworks */,
				FF9B025F22C6FF96008EB76B /* Resources */,
			);
			buildRules = (
			);
			dependencies = (
			);
			name = InputAccessory;
			productName = InputAccessory;
			productReference = FF9B026122C6FF96008EB76B /* InputAccessory.app */;
			productType = "com.apple.product-type.application";
		};
/* End PBXNativeTarget section */

/* Begin PBXProject section */
		FF9B025922C6FF96008EB76B /* Project object */ = {
			isa = PBXProject;
			attributes = {
				LastSwiftUpdateCheck = 1020;
				LastUpgradeCheck = 1020;
				ORGANIZATIONNAME = PlaySport;
				TargetAttributes = {
					FF9B026022C6FF96008EB76B = {
						CreatedOnToolsVersion = 10.2.1;
					};
				};
			};
			buildConfigurationList = FF9B025C22C6FF96008EB76B /* Build configuration list for PBXProject "InputAccessory" */;
			compatibilityVersion = "Xcode 9.3";
			developmentRegion = en;
			hasScannedForEncodings = 0;
			knownRegions = (
				en,
				Base,
			);
			mainGroup = FF9B025822C6FF96008EB76B;
			productRefGroup = FF9B026222C6FF96008EB76B /* Products */;
			projectDirPath = "";
			projectRoot = "";
			targets = (
				FF9B026022C6FF96008EB76B /* InputAccessory */,
			);
		};
/* End PBXProject section */

/* Begin PBXResourcesBuildPhase section */
		FF9B025F22C6FF96008EB76B /* Resources */ = {
			isa = PBXResourcesBuildPhase;
			buildActionMask = 2147483647;
			files = (
				FF9B026F22C6FF98008EB76B /* LaunchScreen.storyboard in Resources */,
				FF9B026C22C6FF98008EB76B /* Assets.xcassets in Resources */,
				FF9B027922C7064D008EB76B /* InputAccessoryView.xib in Resources */,
				FF9B026A22C6FF96008EB76B /* Main.storyboard in Resources */,
			);
			runOnlyForDeploymentPostprocessing = 0;
		};
/* End PBXResourcesBuildPhase section */

/* Begin PBXSourcesBuildPhase section */
		FF9B025D22C6FF96008EB76B /* Sources */ = {
			isa = PBXSourcesBuildPhase;
			buildActionMask = 2147483647;
			files = (
				FF9B026722C6FF96008EB76B /* ViewController.swift in Sources */,
				FF9B027722C70637008EB76B /* InputAccessoryView.swift in Sources */,
				FF9B026522C6FF96008EB76B /* AppDelegate.swift in Sources */,
			);
			runOnlyForDeploymentPostprocessing = 0;
		};
/* End PBXSourcesBuildPhase section */

/* Begin PBXVariantGroup section */
		FF9B026822C6FF96008EB76B /* Main.storyboard */ = {
			isa = PBXVariantGroup;
			children = (
				FF9B026922C6FF96008EB76B /* Base */,
			);
			name = Main.storyboard;
			sourceTree = "<group>";
		};
		FF9B026D22C6FF98008EB76B /* LaunchScreen.storyboard */ = {
			isa = PBXVariantGroup;
			children = (
				FF9B026E22C6FF98008EB76B /* Base */,
			);
			name = LaunchScreen.storyboard;
			sourceTree = "<group>";
		};
/* End PBXVariantGroup section */

/* Begin XCBuildConfiguration section */
		FF9B027122C6FF98008EB76B /* Debug */ = {
			isa = XCBuildConfiguration;
			buildSettings = {
				ALWAYS_SEARCH_USER_PATHS = NO;
				CLANG_ANALYZER_NONNULL = YES;
				CLANG_ANALYZER_NUMBER_OBJECT_CONVERSION = YES_AGGRESSIVE;
				CLANG_CXX_LANGUAGE_STANDARD = "gnu++14";
				CLANG_CXX_LIBRARY = "libc++";
				CLANG_ENABLE_MODULES = YES;
				CLANG_ENABLE_OBJC_ARC = YES;
				CLANG_ENABLE_OBJC_WEAK = YES;
				CLANG_WARN_BLOCK_CAPTURE_AUTORELEASING = YES;
				CLANG_WARN_BOOL_CONVERSION = YES;
				CLANG_WARN_COMMA = YES;
				CLANG_WARN_CONSTANT_CONVERSION = YES;
				CLANG_WARN_DEPRECATED_OBJC_IMPLEMENTATIONS = YES;
				CLANG_WARN_DIRECT_OBJC_ISA_USAGE = YES_ERROR;
				CLANG_WARN_DOCUMENTATION_COMMENTS = YES;
				CLANG_WARN_EMPTY_BODY = YES;
				CLANG_WARN_ENUM_CONVERSION = YES;
				CLANG_WARN_INFINITE_RECURSION = YES;
				CLANG_WARN_INT_CONVERSION = YES;
				CLANG_WARN_NON_LITERAL_NULL_CONVERSION = YES;
				CLANG_WARN_OBJC_IMPLICIT_RETAIN_SELF = YES;
				CLANG_WARN_OBJC_LITERAL_CONVERSION = YES;
				CLANG_WARN_OBJC_ROOT_CLASS = YES_ERROR;
				CLANG_WARN_RANGE_LOOP_ANALYSIS = YES;
				CLANG_WARN_STRICT_PROTOTYPES = YES;
				CLANG_WARN_SUSPICIOUS_MOVE = YES;
				CLANG_WARN_UNGUARDED_AVAILABILITY = YES_AGGRESSIVE;
				CLANG_WARN_UNREACHABLE_CODE = YES;
				CLANG_WARN__DUPLICATE_METHOD_MATCH = YES;
				CODE_SIGN_IDENTITY = "iPhone Developer";
				COPY_PHASE_STRIP = NO;
				DEBUG_INFORMATION_FORMAT = dwarf;
				ENABLE_STRICT_OBJC_MSGSEND = YES;
				ENABLE_TESTABILITY = YES;
				GCC_C_LANGUAGE_STANDARD = gnu11;
				GCC_DYNAMIC_NO_PIC = NO;
				GCC_NO_COMMON_BLOCKS = YES;
				GCC_OPTIMIZATION_LEVEL = 0;
				GCC_PREPROCESSOR_DEFINITIONS = (
					"DEBUG=1",
					"$(inherited)",
				);
				GCC_WARN_64_TO_32_BIT_CONVERSION = YES;
				GCC_WARN_ABOUT_RETURN_TYPE = YES_ERROR;
				GCC_WARN_UNDECLARED_SELECTOR = YES;
				GCC_WARN_UNINITIALIZED_AUTOS = YES_AGGRESSIVE;
				GCC_WARN_UNUSED_FUNCTION = YES;
				GCC_WARN_UNUSED_VARIABLE = YES;
				IPHONEOS_DEPLOYMENT_TARGET = 12.2;
				MTL_ENABLE_DEBUG_INFO = INCLUDE_SOURCE;
				MTL_FAST_MATH = YES;
				ONLY_ACTIVE_ARCH = YES;
				SDKROOT = iphoneos;
				SWIFT_ACTIVE_COMPILATION_CONDITIONS = DEBUG;
				SWIFT_OPTIMIZATION_LEVEL = "-Onone";
			};
			name = Debug;
		};
		FF9B027222C6FF98008EB76B /* Release */ = {
			isa = XCBuildConfiguration;
			buildSettings = {
				ALWAYS_SEARCH_USER_PATHS = NO;
				CLANG_ANALYZER_NONNULL = YES;
				CLANG_ANALYZER_NUMBER_OBJECT_CONVERSION = YES_AGGRESSIVE;
				CLANG_CXX_LANGUAGE_STANDARD = "gnu++14";
				CLANG_CXX_LIBRARY = "libc++";
				CLANG_ENABLE_MODULES = YES;
				CLANG_ENABLE_OBJC_ARC = YES;
				CLANG_ENABLE_OBJC_WEAK = YES;
				CLANG_WARN_BLOCK_CAPTURE_AUTORELEASING = YES;
				CLANG_WARN_BOOL_CONVERSION = YES;
				CLANG_WARN_COMMA = YES;
				CLANG_WARN_CONSTANT_CONVERSION = YES;
				CLANG_WARN_DEPRECATED_OBJC_IMPLEMENTATIONS = YES;
				CLANG_WARN_DIRECT_OBJC_ISA_USAGE = YES_ERROR;
				CLANG_WARN_DOCUMENTATION_COMMENTS = YES;
				CLANG_WARN_EMPTY_BODY = YES;
				CLANG_WARN_ENUM_CONVERSION = YES;
				CLANG_WARN_INFINITE_RECURSION = YES;
				CLANG_WARN_INT_CONVERSION = YES;
				CLANG_WARN_NON_LITERAL_NULL_CONVERSION = YES;
				CLANG_WARN_OBJC_IMPLICIT_RETAIN_SELF = YES;
				CLANG_WARN_OBJC_LITERAL_CONVERSION = YES;
				CLANG_WARN_OBJC_ROOT_CLASS = YES_ERROR;
				CLANG_WARN_RANGE_LOOP_ANALYSIS = YES;
				CLANG_WARN_STRICT_PROTOTYPES = YES;
				CLANG_WARN_SUSPICIOUS_MOVE = YES;
				CLANG_WARN_UNGUARDED_AVAILABILITY = YES_AGGRESSIVE;
				CLANG_WARN_UNREACHABLE_CODE = YES;
				CLANG_WARN__DUPLICATE_METHOD_MATCH = YES;
				CODE_SIGN_IDENTITY = "iPhone Developer";
				COPY_PHASE_STRIP = NO;
				DEBUG_INFORMATION_FORMAT = "dwarf-with-dsym";
				ENABLE_NS_ASSERTIONS = NO;
				ENABLE_STRICT_OBJC_MSGSEND = YES;
				GCC_C_LANGUAGE_STANDARD = gnu11;
				GCC_NO_COMMON_BLOCKS = YES;
				GCC_WARN_64_TO_32_BIT_CONVERSION = YES;
				GCC_WARN_ABOUT_RETURN_TYPE = YES_ERROR;
				GCC_WARN_UNDECLARED_SELECTOR = YES;
				GCC_WARN_UNINITIALIZED_AUTOS = YES_AGGRESSIVE;
				GCC_WARN_UNUSED_FUNCTION = YES;
				GCC_WARN_UNUSED_VARIABLE = YES;
				IPHONEOS_DEPLOYMENT_TARGET = 12.2;
				MTL_ENABLE_DEBUG_INFO = NO;
				MTL_FAST_MATH = YES;
				SDKROOT = iphoneos;
				SWIFT_COMPILATION_MODE = wholemodule;
				SWIFT_OPTIMIZATION_LEVEL = "-O";
				VALIDATE_PRODUCT = YES;
			};
			name = Release;
		};
		FF9B027422C6FF98008EB76B /* Debug */ = {
			isa = XCBuildConfiguration;
			buildSettings = {
				ASSETCATALOG_COMPILER_APPICON_NAME = AppIcon;
				CODE_SIGN_STYLE = Manual;
				DEVELOPMENT_TEAM = "";
				INFOPLIST_FILE = InputAccessory/Info.plist;
				LD_RUNPATH_SEARCH_PATHS = (
					"$(inherited)",
					"@executable_path/Frameworks",
				);
				PRODUCT_BUNDLE_IDENTIFIER = com.jayandrae.InputAccessory;
				PRODUCT_NAME = "$(TARGET_NAME)";
				PROVISIONING_PROFILE_SPECIFIER = "";
				SWIFT_VERSION = 5.0;
				TARGETED_DEVICE_FAMILY = "1,2";
			};
			name = Debug;
		};
		FF9B027522C6FF98008EB76B /* Release */ = {
			isa = XCBuildConfiguration;
			buildSettings = {
				ASSETCATALOG_COMPILER_APPICON_NAME = AppIcon;
				CODE_SIGN_STYLE = Manual;
				DEVELOPMENT_TEAM = "";
				INFOPLIST_FILE = InputAccessory/Info.plist;
				LD_RUNPATH_SEARCH_PATHS = (
					"$(inherited)",
					"@executable_path/Frameworks",
				);
				PRODUCT_BUNDLE_IDENTIFIER = com.jayandrae.InputAccessory;
				PRODUCT_NAME = "$(TARGET_NAME)";
				PROVISIONING_PROFILE_SPECIFIER = "";
				SWIFT_VERSION = 5.0;
				TARGETED_DEVICE_FAMILY = "1,2";
			};
			name = Release;
		};
/* End XCBuildConfiguration section */

/* Begin XCConfigurationList section */
		FF9B025C22C6FF96008EB76B /* Build configuration list for PBXProject "InputAccessory" */ = {
			isa = XCConfigurationList;
			buildConfigurations = (
				FF9B027122C6FF98008EB76B /* Debug */,
				FF9B027222C6FF98008EB76B /* Release */,
			);
			defaultConfigurationIsVisible = 0;
			defaultConfigurationName = Release;
		};
		FF9B027322C6FF98008EB76B /* Build configuration list for PBXNativeTarget "InputAccessory" */ = {
			isa = XCConfigurationList;
			buildConfigurations = (
				FF9B027422C6FF98008EB76B /* Debug */,
				FF9B027522C6FF98008EB76B /* Release */,
			);
			defaultConfigurationIsVisible = 0;
			defaultConfigurationName = Release;
		};
/* End XCConfigurationList section */
	};
	rootObject = FF9B025922C6FF96008EB76B /* Project object */;
}
